
Microsoft Visual Studio Solution File, Format Version 12.00
Project("{FAE04EC0-301F-11D3-BF4B-00C04F79EFBC}") = "SwaggerCodeGen", "SwaggerCodeGen\SwaggerCodeGen.csproj", "{839EC3F8-9734-4803-932B-CC2E105CEC57}"
EndProject
Global
	GlobalSection(SolutionConfigurationPlatforms) = preSolution
		Debug|Any CPU = Debug|Any CPU
		Release|Any CPU = Release|Any CPU
	EndGlobalSection
	GlobalSection(ProjectConfigurationPlatforms) = postSolution
		{839EC3F8-9734-4803-932B-CC2E105CEC57}.Debug|Any CPU.ActiveCfg = Debug|Any CPU
		{839EC3F8-9734-4803-932B-CC2E105CEC57}.Debug|Any CPU.Build.0 = Debug|Any CPU
		{839EC3F8-9734-4803-932B-CC2E105CEC57}.Release|Any CPU.ActiveCfg = Release|Any CPU
		{839EC3F8-9734-4803-932B-CC2E105CEC57}.Release|Any CPU.Build.0 = Release|Any CPU
	EndGlobalSection
EndGlobal
